
Microsoft Visual Studio Solution File, Format Version 12.00
# Visual Studio Express 15 for Windows Desktop
VisualStudioVersion = 15.0.35026.233
MinimumVisualStudioVersion = 10.0.40219.1
Project("{8BC9CEB8-8B4A-11D0-8D11-00A0C91BC942}") = "upnp_cmd", "upnp_cmd.vcxproj", "{B90BDDE5-604D-457D-BE76-3FC0730BC69E}"
EndProject
Global
	GlobalSection(SolutionConfigurationPlatforms) = preSolution
		Debug|x64 = Debug|x64
		Debug|x86 = Debug|x86
		Release|x64 = Release|x64
		Release|x86 = Release|x86
	EndGlobalSection
	GlobalSection(ProjectConfigurationPlatforms) = postSolution
		{B90BDDE5-604D-457D-BE76-3FC0730BC69E}.Debug|x64.ActiveCfg = Debug|x64
		{B90BDDE5-604D-457D-BE76-3FC0730BC69E}.Debug|x64.Build.0 = Debug|x64
		{B90BDDE5-604D-457D-BE76-3FC0730BC69E}.Debug|x86.ActiveCfg = Debug|Win32
		{B90BDDE5-604D-457D-BE76-3FC0730BC69E}.Debug|x86.Build.0 = Debug|Win32
		{B90BDDE5-604D-457D-BE76-3FC0730BC69E}.Release|x64.ActiveCfg = Release|x64
		{B90BDDE5-604D-457D-BE76-3FC0730BC69E}.Release|x64.Build.0 = Release|x64
		{B90BDDE5-604D-457D-BE76-3FC0730BC69E}.Release|x86.ActiveCfg = Release|Win32
		{B90BDDE5-604D-457D-BE76-3FC0730BC69E}.Release|x86.Build.0 = Release|Win32
	EndGlobalSection
	GlobalSection(SolutionProperties) = preSolution
		HideSolutionNode = FALSE
	EndGlobalSection
	GlobalSection(ExtensibilityGlobals) = postSolution
		SolutionGuid = {B2033CDE-A8D5-4E5E-91D8-79DBC24F2179}
	EndGlobalSection
EndGlobal
